
Microsoft Visual Studio Solution File, Format Version 12.00
# Visual Studio Version 17
VisualStudioVersion = 17.2.32408.312
MinimumVisualStudioVersion = 10.0.40219.1
Project("{FAE04EC0-301F-11D3-BF4B-00C04F79EFBC}") = "ConsoleApp1", "ConsoleApp1\ConsoleApp1.csproj", "{82FD36B4-54C6-4A04-ABC3-6C615BC0039F}"
EndProject
Global
	GlobalSection(SolutionConfigurationPlatforms) = preSolution
		Debug|Any CPU = Debug|Any CPU
		Release|Any CPU = Release|Any CPU
	EndGlobalSection
	GlobalSection(ProjectConfigurationPlatforms) = postSolution
		{82FD36B4-54C6-4A04-ABC3-6C615BC0039F}.Debug|Any CPU.ActiveCfg = Debug|Any CPU
		{82FD36B4-54C6-4A04-ABC3-6C615BC0039F}.Debug|Any CPU.Build.0 = Debug|Any CPU
		{82FD36B4-54C6-4A04-ABC3-6C615BC0039F}.Release|Any CPU.ActiveCfg = Release|Any CPU
		{82FD36B4-54C6-4A04-ABC3-6C615BC0039F}.Release|Any CPU.Build.0 = Release|Any CPU
	EndGlobalSection
	GlobalSection(SolutionProperties) = preSolution
		HideSolutionNode = FALSE
	EndGlobalSection
	GlobalSection(ExtensibilityGlobals) = postSolution
		SolutionGuid = {BCA6C58E-86E8-4B17-BCBA-EE0D09F77D92}
	EndGlobalSection
EndGlobal
