
Microsoft Visual Studio Solution File, Format Version 12.00
# Visual Studio Version 17
VisualStudioVersion = 17.2.32408.312
MinimumVisualStudioVersion = 10.0.40219.1
Project("{00D1A9C2-B5F0-4AF3-8072-F6C62B433612}") = "Database", "Database\Database.sqlproj", "{8B8E9CB1-19CD-46FD-AAD0-BC88DB6FFAAE}"
EndProject
Global
	GlobalSection(SolutionConfigurationPlatforms) = preSolution
		Debug|Any CPU = Debug|Any CPU
		Release|Any CPU = Release|Any CPU
	EndGlobalSection
	GlobalSection(ProjectConfigurationPlatforms) = postSolution
		{8B8E9CB1-19CD-46FD-AAD0-BC88DB6FFAAE}.Debug|Any CPU.ActiveCfg = Debug|Any CPU
		{8B8E9CB1-19CD-46FD-AAD0-BC88DB6FFAAE}.Debug|Any CPU.Build.0 = Debug|Any CPU
		{8B8E9CB1-19CD-46FD-AAD0-BC88DB6FFAAE}.Debug|Any CPU.Deploy.0 = Debug|Any CPU
		{8B8E9CB1-19CD-46FD-AAD0-BC88DB6FFAAE}.Release|Any CPU.ActiveCfg = Release|Any CPU
		{8B8E9CB1-19CD-46FD-AAD0-BC88DB6FFAAE}.Release|Any CPU.Build.0 = Release|Any CPU
		{8B8E9CB1-19CD-46FD-AAD0-BC88DB6FFAAE}.Release|Any CPU.Deploy.0 = Release|Any CPU
	EndGlobalSection
	GlobalSection(SolutionProperties) = preSolution
		HideSolutionNode = FALSE
	EndGlobalSection
	GlobalSection(ExtensibilityGlobals) = postSolution
		SolutionGuid = {A0D3A0A6-931D-4C4C-BDED-B66D37F63818}
	EndGlobalSection
EndGlobal
