
Microsoft Visual Studio Solution File, Format Version 12.00
# Visual Studio Version 17
VisualStudioVersion = 17.2.32408.312
MinimumVisualStudioVersion = 10.0.40219.1
Project("{00D1A9C2-B5F0-4AF3-8072-F6C62B433612}") = "PM.Database", "PortfolioManagement\PM.Database\PM.Database.sqlproj", "{137FE5CE-945C-4D16-8187-109AA4398978}"
EndProject
Project("{00D1A9C2-B5F0-4AF3-8072-F6C62B433612}") = "RM.Database", "ResidentManagement\RM.Database\RM.Database.sqlproj", "{CCD6D012-016A-4BB1-9904-FA313ECFF121}"
EndProject
Project("{00D1A9C2-B5F0-4AF3-8072-F6C62B433612}") = "CM.Database", "CareManagement\CM.Database\CM.Database.sqlproj", "{A13D5D09-6C01-4808-B130-8FBFFDE19A10}"
EndProject
Project("{00D1A9C2-B5F0-4AF3-8072-F6C62B433612}") = "LM.Database", "LeaseManagement\LM.Database\LM.Database.sqlproj", "{D678652E-5E83-4DD7-8F8D-F538CD386B11}"
EndProject
Project("{9A19103F-16F7-4668-BE54-9A1E7A4F7556}") = "PM.Repository", "PortfolioManagement\PM.Repository\PM.Repository.csproj", "{D5765FA0-0B8F-4A78-9636-9E9F752EBD83}"
EndProject
Project("{9A19103F-16F7-4668-BE54-9A1E7A4F7556}") = "CM.Repository", "CareManagement\CM.Repository\CM.Repository.csproj", "{BAE79081-99C4-4A54-B23B-1786D2161A75}"
EndProject
Project("{9A19103F-16F7-4668-BE54-9A1E7A4F7556}") = "RM.Repository", "ResidentManagement\RM.Repository\RM.Repository.csproj", "{16555C01-180E-4F76-AAA2-BBD908107735}"
EndProject
Project("{9A19103F-16F7-4668-BE54-9A1E7A4F7556}") = "LM.Repository", "LeaseManagement\LM.Repository\LM.Repository.csproj", "{D1A635B5-844E-4CF8-8EF5-2EF536D95CE2}"
EndProject
Project("{2150E333-8FDC-42A3-9474-1A3956D46DE8}") = "Care Management", "Care Management", "{25F2FE39-439C-477E-94C3-9CE3666DE9A6}"
EndProject
Project("{2150E333-8FDC-42A3-9474-1A3956D46DE8}") = "Lease Management", "Lease Management", "{FAE78735-E2B1-407C-B11E-9025400CF77E}"
EndProject
Project("{2150E333-8FDC-42A3-9474-1A3956D46DE8}") = "Portfolio Management", "Portfolio Management", "{2405892F-1A23-453F-9735-959C2EDF1196}"
EndProject
Project("{2150E333-8FDC-42A3-9474-1A3956D46DE8}") = "Resident Management", "Resident Management", "{2B280475-04B0-4DD2-ACEA-E4600474365E}"
EndProject
Project("{9A19103F-16F7-4668-BE54-9A1E7A4F7556}") = "LM.EventServices", "LeaseManagement\LM.EventServices\LM.EventServices.csproj", "{44CC8DBE-6328-4F18-B37B-BFC5F4B36212}"
EndProject
Project("{9A19103F-16F7-4668-BE54-9A1E7A4F7556}") = "PM.EventServices", "PortfolioManagement\PM.EventServices\PM.EventServices.csproj", "{0AF12AED-876D-4F19-A38B-2C9637AC3B53}"
EndProject
Project("{9A19103F-16F7-4668-BE54-9A1E7A4F7556}") = "RM.EventServices", "ResidentManagement\RM.EventServices\RM.EventServices.csproj", "{3A413CD1-DD1D-42BA-A70E-8D42ADF138AE}"
EndProject
Project("{9A19103F-16F7-4668-BE54-9A1E7A4F7556}") = "CM.EventMessages", "CareManagement\CM.EventMessages\CM.EventMessages.csproj", "{A645C5FC-1B2C-4B79-A76E-19861DBB0D4F}"
EndProject
Project("{9A19103F-16F7-4668-BE54-9A1E7A4F7556}") = "LM.EventProcessing", "LeaseManagement\LM.EventProcessing\LM.EventProcessing.csproj", "{342C0336-5285-4B08-A285-5EE1AA59A349}"
EndProject
Project("{9A19103F-16F7-4668-BE54-9A1E7A4F7556}") = "PM.EventProcessing", "PortfolioManagement\PM.EventProcessing\PM.EventProcessing.csproj", "{44DF7965-A515-4BBE-A319-76FB9853E5A8}"
EndProject
Project("{9A19103F-16F7-4668-BE54-9A1E7A4F7556}") = "RM.EventProcessing", "ResidentManagement\RM.EventProcessing\RM.EventProcessing.csproj", "{BF9C7516-2ED5-4FAB-8591-054C7A346D02}"
EndProject
Project("{FAE04EC0-301F-11D3-BF4B-00C04F79EFBC}") = "UpgradeCareDemo", "UpgradeCareDemo\UpgradeCareDemo.csproj", "{F579C8FF-07D9-4475-81D5-B00E110A46AF}"
EndProject
Global
	GlobalSection(SolutionConfigurationPlatforms) = preSolution
		Debug|Any CPU = Debug|Any CPU
		Release|Any CPU = Release|Any CPU
	EndGlobalSection
	GlobalSection(ProjectConfigurationPlatforms) = postSolution
		{137FE5CE-945C-4D16-8187-109AA4398978}.Debug|Any CPU.ActiveCfg = Debug|Any CPU
		{137FE5CE-945C-4D16-8187-109AA4398978}.Debug|Any CPU.Build.0 = Debug|Any CPU
		{137FE5CE-945C-4D16-8187-109AA4398978}.Debug|Any CPU.Deploy.0 = Debug|Any CPU
		{137FE5CE-945C-4D16-8187-109AA4398978}.Release|Any CPU.ActiveCfg = Release|Any CPU
		{137FE5CE-945C-4D16-8187-109AA4398978}.Release|Any CPU.Build.0 = Release|Any CPU
		{137FE5CE-945C-4D16-8187-109AA4398978}.Release|Any CPU.Deploy.0 = Release|Any CPU
		{CCD6D012-016A-4BB1-9904-FA313ECFF121}.Debug|Any CPU.ActiveCfg = Debug|Any CPU
		{CCD6D012-016A-4BB1-9904-FA313ECFF121}.Debug|Any CPU.Build.0 = Debug|Any CPU
		{CCD6D012-016A-4BB1-9904-FA313ECFF121}.Debug|Any CPU.Deploy.0 = Debug|Any CPU
		{CCD6D012-016A-4BB1-9904-FA313ECFF121}.Release|Any CPU.ActiveCfg = Release|Any CPU
		{CCD6D012-016A-4BB1-9904-FA313ECFF121}.Release|Any CPU.Build.0 = Release|Any CPU
		{CCD6D012-016A-4BB1-9904-FA313ECFF121}.Release|Any CPU.Deploy.0 = Release|Any CPU
		{A13D5D09-6C01-4808-B130-8FBFFDE19A10}.Debug|Any CPU.ActiveCfg = Debug|Any CPU
		{A13D5D09-6C01-4808-B130-8FBFFDE19A10}.Debug|Any CPU.Build.0 = Debug|Any CPU
		{A13D5D09-6C01-4808-B130-8FBFFDE19A10}.Debug|Any CPU.Deploy.0 = Debug|Any CPU
		{A13D5D09-6C01-4808-B130-8FBFFDE19A10}.Release|Any CPU.ActiveCfg = Release|Any CPU
		{A13D5D09-6C01-4808-B130-8FBFFDE19A10}.Release|Any CPU.Build.0 = Release|Any CPU
		{A13D5D09-6C01-4808-B130-8FBFFDE19A10}.Release|Any CPU.Deploy.0 = Release|Any CPU
		{D678652E-5E83-4DD7-8F8D-F538CD386B11}.Debug|Any CPU.ActiveCfg = Debug|Any CPU
		{D678652E-5E83-4DD7-8F8D-F538CD386B11}.Debug|Any CPU.Build.0 = Debug|Any CPU
		{D678652E-5E83-4DD7-8F8D-F538CD386B11}.Debug|Any CPU.Deploy.0 = Debug|Any CPU
		{D678652E-5E83-4DD7-8F8D-F538CD386B11}.Release|Any CPU.ActiveCfg = Release|Any CPU
		{D678652E-5E83-4DD7-8F8D-F538CD386B11}.Release|Any CPU.Build.0 = Release|Any CPU
		{D678652E-5E83-4DD7-8F8D-F538CD386B11}.Release|Any CPU.Deploy.0 = Release|Any CPU
		{D5765FA0-0B8F-4A78-9636-9E9F752EBD83}.Debug|Any CPU.ActiveCfg = Debug|Any CPU
		{D5765FA0-0B8F-4A78-9636-9E9F752EBD83}.Debug|Any CPU.Build.0 = Debug|Any CPU
		{D5765FA0-0B8F-4A78-9636-9E9F752EBD83}.Release|Any CPU.ActiveCfg = Release|Any CPU
		{D5765FA0-0B8F-4A78-9636-9E9F752EBD83}.Release|Any CPU.Build.0 = Release|Any CPU
		{BAE79081-99C4-4A54-B23B-1786D2161A75}.Debug|Any CPU.ActiveCfg = Debug|Any CPU
		{BAE79081-99C4-4A54-B23B-1786D2161A75}.Debug|Any CPU.Build.0 = Debug|Any CPU
		{BAE79081-99C4-4A54-B23B-1786D2161A75}.Release|Any CPU.ActiveCfg = Release|Any CPU
		{BAE79081-99C4-4A54-B23B-1786D2161A75}.Release|Any CPU.Build.0 = Release|Any CPU
		{16555C01-180E-4F76-AAA2-BBD908107735}.Debug|Any CPU.ActiveCfg = Debug|Any CPU
		{16555C01-180E-4F76-AAA2-BBD908107735}.Debug|Any CPU.Build.0 = Debug|Any CPU
		{16555C01-180E-4F76-AAA2-BBD908107735}.Release|Any CPU.ActiveCfg = Release|Any CPU
		{16555C01-180E-4F76-AAA2-BBD908107735}.Release|Any CPU.Build.0 = Release|Any CPU
		{D1A635B5-844E-4CF8-8EF5-2EF536D95CE2}.Debug|Any CPU.ActiveCfg = Debug|Any CPU
		{D1A635B5-844E-4CF8-8EF5-2EF536D95CE2}.Debug|Any CPU.Build.0 = Debug|Any CPU
		{D1A635B5-844E-4CF8-8EF5-2EF536D95CE2}.Release|Any CPU.ActiveCfg = Release|Any CPU
		{D1A635B5-844E-4CF8-8EF5-2EF536D95CE2}.Release|Any CPU.Build.0 = Release|Any CPU
		{44CC8DBE-6328-4F18-B37B-BFC5F4B36212}.Debug|Any CPU.ActiveCfg = Debug|Any CPU
		{44CC8DBE-6328-4F18-B37B-BFC5F4B36212}.Debug|Any CPU.Build.0 = Debug|Any CPU
		{44CC8DBE-6328-4F18-B37B-BFC5F4B36212}.Release|Any CPU.ActiveCfg = Release|Any CPU
		{44CC8DBE-6328-4F18-B37B-BFC5F4B36212}.Release|Any CPU.Build.0 = Release|Any CPU
		{0AF12AED-876D-4F19-A38B-2C9637AC3B53}.Debug|Any CPU.ActiveCfg = Debug|Any CPU
		{0AF12AED-876D-4F19-A38B-2C9637AC3B53}.Debug|Any CPU.Build.0 = Debug|Any CPU
		{0AF12AED-876D-4F19-A38B-2C9637AC3B53}.Release|Any CPU.ActiveCfg = Release|Any CPU
		{0AF12AED-876D-4F19-A38B-2C9637AC3B53}.Release|Any CPU.Build.0 = Release|Any CPU
		{3A413CD1-DD1D-42BA-A70E-8D42ADF138AE}.Debug|Any CPU.ActiveCfg = Debug|Any CPU
		{3A413CD1-DD1D-42BA-A70E-8D42ADF138AE}.Debug|Any CPU.Build.0 = Debug|Any CPU
		{3A413CD1-DD1D-42BA-A70E-8D42ADF138AE}.Release|Any CPU.ActiveCfg = Release|Any CPU
		{3A413CD1-DD1D-42BA-A70E-8D42ADF138AE}.Release|Any CPU.Build.0 = Release|Any CPU
		{A645C5FC-1B2C-4B79-A76E-19861DBB0D4F}.Debug|Any CPU.ActiveCfg = Debug|Any CPU
		{A645C5FC-1B2C-4B79-A76E-19861DBB0D4F}.Debug|Any CPU.Build.0 = Debug|Any CPU
		{A645C5FC-1B2C-4B79-A76E-19861DBB0D4F}.Release|Any CPU.ActiveCfg = Release|Any CPU
		{A645C5FC-1B2C-4B79-A76E-19861DBB0D4F}.Release|Any CPU.Build.0 = Release|Any CPU
		{342C0336-5285-4B08-A285-5EE1AA59A349}.Debug|Any CPU.ActiveCfg = Debug|Any CPU
		{342C0336-5285-4B08-A285-5EE1AA59A349}.Debug|Any CPU.Build.0 = Debug|Any CPU
		{342C0336-5285-4B08-A285-5EE1AA59A349}.Release|Any CPU.ActiveCfg = Release|Any CPU
		{342C0336-5285-4B08-A285-5EE1AA59A349}.Release|Any CPU.Build.0 = Release|Any CPU
		{44DF7965-A515-4BBE-A319-76FB9853E5A8}.Debug|Any CPU.ActiveCfg = Debug|Any CPU
		{44DF7965-A515-4BBE-A319-76FB9853E5A8}.Debug|Any CPU.Build.0 = Debug|Any CPU
		{44DF7965-A515-4BBE-A319-76FB9853E5A8}.Release|Any CPU.ActiveCfg = Release|Any CPU
		{44DF7965-A515-4BBE-A319-76FB9853E5A8}.Release|Any CPU.Build.0 = Release|Any CPU
		{BF9C7516-2ED5-4FAB-8591-054C7A346D02}.Debug|Any CPU.ActiveCfg = Debug|Any CPU
		{BF9C7516-2ED5-4FAB-8591-054C7A346D02}.Debug|Any CPU.Build.0 = Debug|Any CPU
		{BF9C7516-2ED5-4FAB-8591-054C7A346D02}.Release|Any CPU.ActiveCfg = Release|Any CPU
		{BF9C7516-2ED5-4FAB-8591-054C7A346D02}.Release|Any CPU.Build.0 = Release|Any CPU
		{F579C8FF-07D9-4475-81D5-B00E110A46AF}.Debug|Any CPU.ActiveCfg = Debug|Any CPU
		{F579C8FF-07D9-4475-81D5-B00E110A46AF}.Debug|Any CPU.Build.0 = Debug|Any CPU
		{F579C8FF-07D9-4475-81D5-B00E110A46AF}.Release|Any CPU.ActiveCfg = Release|Any CPU
		{F579C8FF-07D9-4475-81D5-B00E110A46AF}.Release|Any CPU.Build.0 = Release|Any CPU
	EndGlobalSection
	GlobalSection(SolutionProperties) = preSolution
		HideSolutionNode = FALSE
	EndGlobalSection
	GlobalSection(NestedProjects) = preSolution
		{137FE5CE-945C-4D16-8187-109AA4398978} = {2405892F-1A23-453F-9735-959C2EDF1196}
		{CCD6D012-016A-4BB1-9904-FA313ECFF121} = {2B280475-04B0-4DD2-ACEA-E4600474365E}
		{A13D5D09-6C01-4808-B130-8FBFFDE19A10} = {25F2FE39-439C-477E-94C3-9CE3666DE9A6}
		{D678652E-5E83-4DD7-8F8D-F538CD386B11} = {FAE78735-E2B1-407C-B11E-9025400CF77E}
		{D5765FA0-0B8F-4A78-9636-9E9F752EBD83} = {2405892F-1A23-453F-9735-959C2EDF1196}
		{BAE79081-99C4-4A54-B23B-1786D2161A75} = {25F2FE39-439C-477E-94C3-9CE3666DE9A6}
		{16555C01-180E-4F76-AAA2-BBD908107735} = {2B280475-04B0-4DD2-ACEA-E4600474365E}
		{D1A635B5-844E-4CF8-8EF5-2EF536D95CE2} = {FAE78735-E2B1-407C-B11E-9025400CF77E}
		{44CC8DBE-6328-4F18-B37B-BFC5F4B36212} = {FAE78735-E2B1-407C-B11E-9025400CF77E}
		{0AF12AED-876D-4F19-A38B-2C9637AC3B53} = {2405892F-1A23-453F-9735-959C2EDF1196}
		{3A413CD1-DD1D-42BA-A70E-8D42ADF138AE} = {2B280475-04B0-4DD2-ACEA-E4600474365E}
		{A645C5FC-1B2C-4B79-A76E-19861DBB0D4F} = {25F2FE39-439C-477E-94C3-9CE3666DE9A6}
		{342C0336-5285-4B08-A285-5EE1AA59A349} = {FAE78735-E2B1-407C-B11E-9025400CF77E}
		{44DF7965-A515-4BBE-A319-76FB9853E5A8} = {2405892F-1A23-453F-9735-959C2EDF1196}
		{BF9C7516-2ED5-4FAB-8591-054C7A346D02} = {2B280475-04B0-4DD2-ACEA-E4600474365E}
	EndGlobalSection
	GlobalSection(ExtensibilityGlobals) = postSolution
		SolutionGuid = {A0D3A0A6-931D-4C4C-BDED-B66D37F63818}
	EndGlobalSection
EndGlobal
